
Microsoft Visual Studio Solution File, Format Version 12.00
# Visual Studio Version 17
VisualStudioVersion = 17.4.33205.214
MinimumVisualStudioVersion = 10.0.40219.1
Project("{FAE04EC0-301F-11D3-BF4B-00C04F79EFBC}") = "Operators", "Operators.csproj", "{7C406FDF-DBD3-42E5-9F5F-C127769506D3}"
EndProject
Global
	GlobalSection(SolutionConfigurationPlatforms) = preSolution
		Debug|Any CPU = Debug|Any CPU
		Release|Any CPU = Release|Any CPU
	EndGlobalSection
	GlobalSection(ProjectConfigurationPlatforms) = postSolution
		{7C406FDF-DBD3-42E5-9F5F-C127769506D3}.Debug|Any CPU.ActiveCfg = Debug|Any CPU
		{7C406FDF-DBD3-42E5-9F5F-C127769506D3}.Debug|Any CPU.Build.0 = Debug|Any CPU
		{7C406FDF-DBD3-42E5-9F5F-C127769506D3}.Release|Any CPU.ActiveCfg = Release|Any CPU
		{7C406FDF-DBD3-42E5-9F5F-C127769506D3}.Release|Any CPU.Build.0 = Release|Any CPU
	EndGlobalSection
	GlobalSection(SolutionProperties) = preSolution
		HideSolutionNode = FALSE
	EndGlobalSection
	GlobalSection(ExtensibilityGlobals) = postSolution
		SolutionGuid = {606C019B-A209-4A33-92A2-1A249846DD5F}
	EndGlobalSection
EndGlobal
