
Microsoft Visual Studio Solution File, Format Version 12.00
# Visual Studio Version 17
VisualStudioVersion = 17.4.33205.214
MinimumVisualStudioVersion = 10.0.40219.1
Project("{FAE04EC0-301F-11D3-BF4B-00C04F79EFBC}") = "sp500_G_D_Crosses", "sp500_G_D_Crosses.csproj", "{D9B60D52-6C27-43EB-95F7-3200BAFE1935}"
EndProject
Global
	GlobalSection(SolutionConfigurationPlatforms) = preSolution
		Debug|Any CPU = Debug|Any CPU
		Release|Any CPU = Release|Any CPU
	EndGlobalSection
	GlobalSection(ProjectConfigurationPlatforms) = postSolution
		{D9B60D52-6C27-43EB-95F7-3200BAFE1935}.Debug|Any CPU.ActiveCfg = Debug|Any CPU
		{D9B60D52-6C27-43EB-95F7-3200BAFE1935}.Debug|Any CPU.Build.0 = Debug|Any CPU
		{D9B60D52-6C27-43EB-95F7-3200BAFE1935}.Release|Any CPU.ActiveCfg = Release|Any CPU
		{D9B60D52-6C27-43EB-95F7-3200BAFE1935}.Release|Any CPU.Build.0 = Release|Any CPU
	EndGlobalSection
	GlobalSection(SolutionProperties) = preSolution
		HideSolutionNode = FALSE
	EndGlobalSection
	GlobalSection(ExtensibilityGlobals) = postSolution
		SolutionGuid = {6345A103-E1AA-46CD-B05A-6A05C211A9FC}
	EndGlobalSection
EndGlobal
